
Microsoft Visual Studio Solution File, Format Version 12.00
# Visual Studio 2012
Project("{2150E333-8FDC-42A3-9474-1A3956D46DE8}") = "Client", "Client", "{16CA58F5-D0F6-41CE-AEF7-D727ACAD920E}"
EndProject
Project("{2150E333-8FDC-42A3-9474-1A3956D46DE8}") = "Business Logic", "Business Logic", "{6859DE24-37E2-4D2C-BF4A-EDD043DE0F07}"
EndProject
Project("{2150E333-8FDC-42A3-9474-1A3956D46DE8}") = "Data Access", "Data Access", "{0D7EE700-291E-4646-AAF0-A350C14573D0}"
EndProject
Project("{2150E333-8FDC-42A3-9474-1A3956D46DE8}") = "Entities", "Entities", "{12236E9F-F7C8-4E22-80D3-FEA3391C6823}"
EndProject
Project("{2150E333-8FDC-42A3-9474-1A3956D46DE8}") = "Test", "Test", "{D9479E18-E186-4774-A50D-53DAE2156B94}"
EndProject
Project("{FAE04EC0-301F-11D3-BF4B-00C04F79EFBC}") = "PublicationsDMS.Search", "Business Logic\PublicationsDMS.Search\PublicationsDMS.Search.csproj", "{EB98FAA4-4563-4E3A-B901-948DE128ABE3}"
EndProject
Project("{FAE04EC0-301F-11D3-BF4B-00C04F79EFBC}") = "PublicationsDMS.Services", "Business Logic\PublicationsDMS.Services\PublicationsDMS.Services.csproj", "{B82AA948-AC3D-4729-AAF0-AA3A904B98C1}"
	ProjectSection(ProjectDependencies) = postProject
		{EB98FAA4-4563-4E3A-B901-948DE128ABE3} = {EB98FAA4-4563-4E3A-B901-948DE128ABE3}
	EndProjectSection
EndProject
Project("{FAE04EC0-301F-11D3-BF4B-00C04F79EFBC}") = "PublicationsDMS.Web", "Client\PublicationsDMS.Web\PublicationsDMS.Web.csproj", "{60391A0D-8BBA-4949-BCD9-2FD10BF0BF36}"
EndProject
Project("{FAE04EC0-301F-11D3-BF4B-00C04F79EFBC}") = "PublicationsDMS.Web.Api", "Client\PublicationsDMS.Web.Api\PublicationsDMS.Web.Api.csproj", "{8306841F-5F4B-4C07-A10B-DDDA8BC94D01}"
	ProjectSection(ProjectDependencies) = postProject
		{B82AA948-AC3D-4729-AAF0-AA3A904B98C1} = {B82AA948-AC3D-4729-AAF0-AA3A904B98C1}
	EndProjectSection
EndProject
Project("{FAE04EC0-301F-11D3-BF4B-00C04F79EFBC}") = "PublicationsDMS.Domain", "Data Access\PublicationsDMS.Domain\PublicationsDMS.Domain.csproj", "{19FA202F-3EB8-4FC4-AA36-818DFFE51C1B}"
EndProject
Project("{FAE04EC0-301F-11D3-BF4B-00C04F79EFBC}") = "PublicationsDMS.Entities", "Entities\PublicationsDMS.Entities\PublicationsDMS.Entities.csproj", "{5A072F4A-6D38-49E8-BF0D-DE92F45F1DA9}"
EndProject
Project("{FAE04EC0-301F-11D3-BF4B-00C04F79EFBC}") = "PublicationsDMS.Test", "Test\PublicationsDMS.Test\PublicationsDMS.Test.csproj", "{9EFF13ED-7EBA-4880-9691-9BBCCC686753}"
	ProjectSection(ProjectDependencies) = postProject
		{19FA202F-3EB8-4FC4-AA36-818DFFE51C1B} = {19FA202F-3EB8-4FC4-AA36-818DFFE51C1B}
		{B82AA948-AC3D-4729-AAF0-AA3A904B98C1} = {B82AA948-AC3D-4729-AAF0-AA3A904B98C1}
		{5A072F4A-6D38-49E8-BF0D-DE92F45F1DA9} = {5A072F4A-6D38-49E8-BF0D-DE92F45F1DA9}
		{EB98FAA4-4563-4E3A-B901-948DE128ABE3} = {EB98FAA4-4563-4E3A-B901-948DE128ABE3}
	EndProjectSection
EndProject
Project("{FAE04EC0-301F-11D3-BF4B-00C04F79EFBC}") = "PublicationsDMS.Storage", "Data Access\PublicationsDMS.Storage\PublicationsDMS.Storage.csproj", "{031F0B13-D5F6-4445-8A46-1A2395E60520}"
EndProject
Global
	GlobalSection(SolutionConfigurationPlatforms) = preSolution
		Debug|Any CPU = Debug|Any CPU
		Release|Any CPU = Release|Any CPU
	EndGlobalSection
	GlobalSection(ProjectConfigurationPlatforms) = postSolution
		{EB98FAA4-4563-4E3A-B901-948DE128ABE3}.Debug|Any CPU.ActiveCfg = Debug|Any CPU
		{EB98FAA4-4563-4E3A-B901-948DE128ABE3}.Debug|Any CPU.Build.0 = Debug|Any CPU
		{EB98FAA4-4563-4E3A-B901-948DE128ABE3}.Release|Any CPU.ActiveCfg = Release|Any CPU
		{EB98FAA4-4563-4E3A-B901-948DE128ABE3}.Release|Any CPU.Build.0 = Release|Any CPU
		{B82AA948-AC3D-4729-AAF0-AA3A904B98C1}.Debug|Any CPU.ActiveCfg = Debug|Any CPU
		{B82AA948-AC3D-4729-AAF0-AA3A904B98C1}.Debug|Any CPU.Build.0 = Debug|Any CPU
		{B82AA948-AC3D-4729-AAF0-AA3A904B98C1}.Release|Any CPU.ActiveCfg = Release|Any CPU
		{B82AA948-AC3D-4729-AAF0-AA3A904B98C1}.Release|Any CPU.Build.0 = Release|Any CPU
		{60391A0D-8BBA-4949-BCD9-2FD10BF0BF36}.Debug|Any CPU.ActiveCfg = Debug|Any CPU
		{60391A0D-8BBA-4949-BCD9-2FD10BF0BF36}.Debug|Any CPU.Build.0 = Debug|Any CPU
		{60391A0D-8BBA-4949-BCD9-2FD10BF0BF36}.Release|Any CPU.ActiveCfg = Release|Any CPU
		{60391A0D-8BBA-4949-BCD9-2FD10BF0BF36}.Release|Any CPU.Build.0 = Release|Any CPU
		{8306841F-5F4B-4C07-A10B-DDDA8BC94D01}.Debug|Any CPU.ActiveCfg = Debug|Any CPU
		{8306841F-5F4B-4C07-A10B-DDDA8BC94D01}.Debug|Any CPU.Build.0 = Debug|Any CPU
		{8306841F-5F4B-4C07-A10B-DDDA8BC94D01}.Release|Any CPU.ActiveCfg = Release|Any CPU
		{8306841F-5F4B-4C07-A10B-DDDA8BC94D01}.Release|Any CPU.Build.0 = Release|Any CPU
		{19FA202F-3EB8-4FC4-AA36-818DFFE51C1B}.Debug|Any CPU.ActiveCfg = Debug|Any CPU
		{19FA202F-3EB8-4FC4-AA36-818DFFE51C1B}.Debug|Any CPU.Build.0 = Debug|Any CPU
		{19FA202F-3EB8-4FC4-AA36-818DFFE51C1B}.Release|Any CPU.ActiveCfg = Release|Any CPU
		{19FA202F-3EB8-4FC4-AA36-818DFFE51C1B}.Release|Any CPU.Build.0 = Release|Any CPU
		{5A072F4A-6D38-49E8-BF0D-DE92F45F1DA9}.Debug|Any CPU.ActiveCfg = Debug|Any CPU
		{5A072F4A-6D38-49E8-BF0D-DE92F45F1DA9}.Debug|Any CPU.Build.0 = Debug|Any CPU
		{5A072F4A-6D38-49E8-BF0D-DE92F45F1DA9}.Release|Any CPU.ActiveCfg = Release|Any CPU
		{5A072F4A-6D38-49E8-BF0D-DE92F45F1DA9}.Release|Any CPU.Build.0 = Release|Any CPU
		{9EFF13ED-7EBA-4880-9691-9BBCCC686753}.Debug|Any CPU.ActiveCfg = Debug|Any CPU
		{9EFF13ED-7EBA-4880-9691-9BBCCC686753}.Debug|Any CPU.Build.0 = Debug|Any CPU
		{9EFF13ED-7EBA-4880-9691-9BBCCC686753}.Release|Any CPU.ActiveCfg = Release|Any CPU
		{9EFF13ED-7EBA-4880-9691-9BBCCC686753}.Release|Any CPU.Build.0 = Release|Any CPU
		{031F0B13-D5F6-4445-8A46-1A2395E60520}.Debug|Any CPU.ActiveCfg = Debug|Any CPU
		{031F0B13-D5F6-4445-8A46-1A2395E60520}.Debug|Any CPU.Build.0 = Debug|Any CPU
		{031F0B13-D5F6-4445-8A46-1A2395E60520}.Release|Any CPU.ActiveCfg = Release|Any CPU
		{031F0B13-D5F6-4445-8A46-1A2395E60520}.Release|Any CPU.Build.0 = Release|Any CPU
	EndGlobalSection
	GlobalSection(SolutionProperties) = preSolution
		HideSolutionNode = FALSE
	EndGlobalSection
	GlobalSection(NestedProjects) = preSolution
		{60391A0D-8BBA-4949-BCD9-2FD10BF0BF36} = {16CA58F5-D0F6-41CE-AEF7-D727ACAD920E}
		{8306841F-5F4B-4C07-A10B-DDDA8BC94D01} = {16CA58F5-D0F6-41CE-AEF7-D727ACAD920E}
		{EB98FAA4-4563-4E3A-B901-948DE128ABE3} = {6859DE24-37E2-4D2C-BF4A-EDD043DE0F07}
		{B82AA948-AC3D-4729-AAF0-AA3A904B98C1} = {6859DE24-37E2-4D2C-BF4A-EDD043DE0F07}
		{19FA202F-3EB8-4FC4-AA36-818DFFE51C1B} = {0D7EE700-291E-4646-AAF0-A350C14573D0}
		{031F0B13-D5F6-4445-8A46-1A2395E60520} = {0D7EE700-291E-4646-AAF0-A350C14573D0}
		{5A072F4A-6D38-49E8-BF0D-DE92F45F1DA9} = {12236E9F-F7C8-4E22-80D3-FEA3391C6823}
		{9EFF13ED-7EBA-4880-9691-9BBCCC686753} = {D9479E18-E186-4774-A50D-53DAE2156B94}
	EndGlobalSection
EndGlobal
